
Microsoft Visual Studio Solution File, Format Version 12.00
# Visual Studio 15
VisualStudioVersion = 15.0.28307.421
MinimumVisualStudioVersion = 10.0.40219.1
Project("{8BC9CEB8-8B4A-11D0-8D11-00A0C91BC942}") = "ConsoleApplication2", "ConsoleApplication2\ConsoleApplication2.vcxproj", "{FEDE7289-9C54-42CB-B7E1-29757039F532}"
EndProject
Project("{8BC9CEB8-8B4A-11D0-8D11-00A0C91BC942}") = "VD4_Client", "VD4_Client\VD4_Client.vcxproj", "{1E73DAE2-6C59-4ADC-8EE6-180C3DF8744C}"
EndProject
Project("{8BC9CEB8-8B4A-11D0-8D11-00A0C91BC942}") = "VD4_Server", "VD4_Server\VD4_Server.vcxproj", "{613F7C02-FB6D-45EE-8DA5-497B51B39A00}"
EndProject
Project("{8BC9CEB8-8B4A-11D0-8D11-00A0C91BC942}") = "VD1", "VD1\VD1.vcxproj", "{EB21B132-B226-48BA-8F1A-7D0F93EADCB2}"
EndProject
Project("{8BC9CEB8-8B4A-11D0-8D11-00A0C91BC942}") = "VD5_Server", "VD5_Server\VD5_Server.vcxproj", "{D14F4DB4-BB93-4B20-95B6-550A27AADB06}"
EndProject
Project("{8BC9CEB8-8B4A-11D0-8D11-00A0C91BC942}") = "VD5_Client", "VD5_Client\VD5_Client.vcxproj", "{07D505DD-DB3F-4FD0-B6D0-8049748D5891}"
EndProject
Project("{8BC9CEB8-8B4A-11D0-8D11-00A0C91BC942}") = "VD21", "VD21\VD21.vcxproj", "{56E7D829-C3D3-4E46-8806-035EB5E98015}"
EndProject
Project("{8BC9CEB8-8B4A-11D0-8D11-00A0C91BC942}") = "VD22", "VD22\VD22.vcxproj", "{A61FE4F8-C12A-4365-8591-6B276D71E98F}"
EndProject
Project("{8BC9CEB8-8B4A-11D0-8D11-00A0C91BC942}") = "VD23", "VD23\VD23.vcxproj", "{E1E8C79A-5025-4222-BF58-F31316D48361}"
EndProject
Project("{8BC9CEB8-8B4A-11D0-8D11-00A0C91BC942}") = "TCPClient", "TCPClient\TCPClient.vcxproj", "{0C4B88EE-E090-43E1-B2A7-39F0790FD79C}"
EndProject
Project("{8BC9CEB8-8B4A-11D0-8D11-00A0C91BC942}") = "TCPServer", "TCPServer\TCPServer.vcxproj", "{2070BDF1-1D4F-46F7-A5E6-929B5DF69DFA}"
EndProject
Project("{8BC9CEB8-8B4A-11D0-8D11-00A0C91BC942}") = "clientinfo", "clientinfo\clientinfo.vcxproj", "{992E9B40-D514-43C9-A84C-AE5751A0DA32}"
EndProject
Project("{8BC9CEB8-8B4A-11D0-8D11-00A0C91BC942}") = "serverinfo", "serverinfo\serverinfo.vcxproj", "{876C2F6F-D550-418E-9767-628C684F50F4}"
EndProject
Project("{8BC9CEB8-8B4A-11D0-8D11-00A0C91BC942}") = "Server1", "Server1\Server1.vcxproj", "{59AF8EC7-E6E0-4C4C-B043-E9B1CA8F7712}"
EndProject
Project("{8BC9CEB8-8B4A-11D0-8D11-00A0C91BC942}") = "MultithreadClient", "Client2\Client2.vcxproj", "{D353CDC3-A818-4209-A8E6-AE374909FC0F}"
EndProject
Project("{8BC9CEB8-8B4A-11D0-8D11-00A0C91BC942}") = "MultithreadServer", "Server2\Server2.vcxproj", "{8C9D995D-5D81-433D-8B96-98F1501D4D2E}"
EndProject
Global
	GlobalSection(SolutionConfigurationPlatforms) = preSolution
		Debug|x64 = Debug|x64
		Debug|x86 = Debug|x86
		Release|x64 = Release|x64
		Release|x86 = Release|x86
	EndGlobalSection
	GlobalSection(ProjectConfigurationPlatforms) = postSolution
		{FEDE7289-9C54-42CB-B7E1-29757039F532}.Debug|x64.ActiveCfg = Debug|x64
		{FEDE7289-9C54-42CB-B7E1-29757039F532}.Debug|x64.Build.0 = Debug|x64
		{FEDE7289-9C54-42CB-B7E1-29757039F532}.Debug|x86.ActiveCfg = Debug|Win32
		{FEDE7289-9C54-42CB-B7E1-29757039F532}.Debug|x86.Build.0 = Debug|Win32
		{FEDE7289-9C54-42CB-B7E1-29757039F532}.Release|x64.ActiveCfg = Release|x64
		{FEDE7289-9C54-42CB-B7E1-29757039F532}.Release|x64.Build.0 = Release|x64
		{FEDE7289-9C54-42CB-B7E1-29757039F532}.Release|x86.ActiveCfg = Release|Win32
		{FEDE7289-9C54-42CB-B7E1-29757039F532}.Release|x86.Build.0 = Release|Win32
		{1E73DAE2-6C59-4ADC-8EE6-180C3DF8744C}.Debug|x64.ActiveCfg = Debug|x64
		{1E73DAE2-6C59-4ADC-8EE6-180C3DF8744C}.Debug|x64.Build.0 = Debug|x64
		{1E73DAE2-6C59-4ADC-8EE6-180C3DF8744C}.Debug|x86.ActiveCfg = Debug|Win32
		{1E73DAE2-6C59-4ADC-8EE6-180C3DF8744C}.Debug|x86.Build.0 = Debug|Win32
		{1E73DAE2-6C59-4ADC-8EE6-180C3DF8744C}.Release|x64.ActiveCfg = Release|x64
		{1E73DAE2-6C59-4ADC-8EE6-180C3DF8744C}.Release|x64.Build.0 = Release|x64
		{1E73DAE2-6C59-4ADC-8EE6-180C3DF8744C}.Release|x86.ActiveCfg = Release|Win32
		{1E73DAE2-6C59-4ADC-8EE6-180C3DF8744C}.Release|x86.Build.0 = Release|Win32
		{613F7C02-FB6D-45EE-8DA5-497B51B39A00}.Debug|x64.ActiveCfg = Debug|x64
		{613F7C02-FB6D-45EE-8DA5-497B51B39A00}.Debug|x64.Build.0 = Debug|x64
		{613F7C02-FB6D-45EE-8DA5-497B51B39A00}.Debug|x86.ActiveCfg = Debug|Win32
		{613F7C02-FB6D-45EE-8DA5-497B51B39A00}.Debug|x86.Build.0 = Debug|Win32
		{613F7C02-FB6D-45EE-8DA5-497B51B39A00}.Release|x64.ActiveCfg = Release|x64
		{613F7C02-FB6D-45EE-8DA5-497B51B39A00}.Release|x64.Build.0 = Release|x64
		{613F7C02-FB6D-45EE-8DA5-497B51B39A00}.Release|x86.ActiveCfg = Release|Win32
		{613F7C02-FB6D-45EE-8DA5-497B51B39A00}.Release|x86.Build.0 = Release|Win32
		{EB21B132-B226-48BA-8F1A-7D0F93EADCB2}.Debug|x64.ActiveCfg = Debug|x64
		{EB21B132-B226-48BA-8F1A-7D0F93EADCB2}.Debug|x64.Build.0 = Debug|x64
		{EB21B132-B226-48BA-8F1A-7D0F93EADCB2}.Debug|x86.ActiveCfg = Debug|Win32
		{EB21B132-B226-48BA-8F1A-7D0F93EADCB2}.Debug|x86.Build.0 = Debug|Win32
		{EB21B132-B226-48BA-8F1A-7D0F93EADCB2}.Release|x64.ActiveCfg = Release|x64
		{EB21B132-B226-48BA-8F1A-7D0F93EADCB2}.Release|x64.Build.0 = Release|x64
		{EB21B132-B226-48BA-8F1A-7D0F93EADCB2}.Release|x86.ActiveCfg = Release|Win32
		{EB21B132-B226-48BA-8F1A-7D0F93EADCB2}.Release|x86.Build.0 = Release|Win32
		{D14F4DB4-BB93-4B20-95B6-550A27AADB06}.Debug|x64.ActiveCfg = Debug|x64
		{D14F4DB4-BB93-4B20-95B6-550A27AADB06}.Debug|x64.Build.0 = Debug|x64
		{D14F4DB4-BB93-4B20-95B6-550A27AADB06}.Debug|x86.ActiveCfg = Debug|Win32
		{D14F4DB4-BB93-4B20-95B6-550A27AADB06}.Debug|x86.Build.0 = Debug|Win32
		{D14F4DB4-BB93-4B20-95B6-550A27AADB06}.Release|x64.ActiveCfg = Release|x64
		{D14F4DB4-BB93-4B20-95B6-550A27AADB06}.Release|x64.Build.0 = Release|x64
		{D14F4DB4-BB93-4B20-95B6-550A27AADB06}.Release|x86.ActiveCfg = Release|Win32
		{D14F4DB4-BB93-4B20-95B6-550A27AADB06}.Release|x86.Build.0 = Release|Win32
		{07D505DD-DB3F-4FD0-B6D0-8049748D5891}.Debug|x64.ActiveCfg = Debug|x64
		{07D505DD-DB3F-4FD0-B6D0-8049748D5891}.Debug|x64.Build.0 = Debug|x64
		{07D505DD-DB3F-4FD0-B6D0-8049748D5891}.Debug|x86.ActiveCfg = Debug|Win32
		{07D505DD-DB3F-4FD0-B6D0-8049748D5891}.Debug|x86.Build.0 = Debug|Win32
		{07D505DD-DB3F-4FD0-B6D0-8049748D5891}.Release|x64.ActiveCfg = Release|x64
		{07D505DD-DB3F-4FD0-B6D0-8049748D5891}.Release|x64.Build.0 = Release|x64
		{07D505DD-DB3F-4FD0-B6D0-8049748D5891}.Release|x86.ActiveCfg = Release|Win32
		{07D505DD-DB3F-4FD0-B6D0-8049748D5891}.Release|x86.Build.0 = Release|Win32
		{56E7D829-C3D3-4E46-8806-035EB5E98015}.Debug|x64.ActiveCfg = Debug|x64
		{56E7D829-C3D3-4E46-8806-035EB5E98015}.Debug|x64.Build.0 = Debug|x64
		{56E7D829-C3D3-4E46-8806-035EB5E98015}.Debug|x86.ActiveCfg = Debug|Win32
		{56E7D829-C3D3-4E46-8806-035EB5E98015}.Debug|x86.Build.0 = Debug|Win32
		{56E7D829-C3D3-4E46-8806-035EB5E98015}.Release|x64.ActiveCfg = Release|x64
		{56E7D829-C3D3-4E46-8806-035EB5E98015}.Release|x64.Build.0 = Release|x64
		{56E7D829-C3D3-4E46-8806-035EB5E98015}.Release|x86.ActiveCfg = Release|Win32
		{56E7D829-C3D3-4E46-8806-035EB5E98015}.Release|x86.Build.0 = Release|Win32
		{A61FE4F8-C12A-4365-8591-6B276D71E98F}.Debug|x64.ActiveCfg = Debug|x64
		{A61FE4F8-C12A-4365-8591-6B276D71E98F}.Debug|x64.Build.0 = Debug|x64
		{A61FE4F8-C12A-4365-8591-6B276D71E98F}.Debug|x86.ActiveCfg = Debug|Win32
		{A61FE4F8-C12A-4365-8591-6B276D71E98F}.Debug|x86.Build.0 = Debug|Win32
		{A61FE4F8-C12A-4365-8591-6B276D71E98F}.Release|x64.ActiveCfg = Release|x64
		{A61FE4F8-C12A-4365-8591-6B276D71E98F}.Release|x64.Build.0 = Release|x64
		{A61FE4F8-C12A-4365-8591-6B276D71E98F}.Release|x86.ActiveCfg = Release|Win32
		{A61FE4F8-C12A-4365-8591-6B276D71E98F}.Release|x86.Build.0 = Release|Win32
		{E1E8C79A-5025-4222-BF58-F31316D48361}.Debug|x64.ActiveCfg = Debug|x64
		{E1E8C79A-5025-4222-BF58-F31316D48361}.Debug|x64.Build.0 = Debug|x64
		{E1E8C79A-5025-4222-BF58-F31316D48361}.Debug|x86.ActiveCfg = Debug|Win32
		{E1E8C79A-5025-4222-BF58-F31316D48361}.Debug|x86.Build.0 = Debug|Win32
		{E1E8C79A-5025-4222-BF58-F31316D48361}.Release|x64.ActiveCfg = Release|x64
		{E1E8C79A-5025-4222-BF58-F31316D48361}.Release|x64.Build.0 = Release|x64
		{E1E8C79A-5025-4222-BF58-F31316D48361}.Release|x86.ActiveCfg = Release|Win32
		{E1E8C79A-5025-4222-BF58-F31316D48361}.Release|x86.Build.0 = Release|Win32
		{0C4B88EE-E090-43E1-B2A7-39F0790FD79C}.Debug|x64.ActiveCfg = Debug|x64
		{0C4B88EE-E090-43E1-B2A7-39F0790FD79C}.Debug|x64.Build.0 = Debug|x64
		{0C4B88EE-E090-43E1-B2A7-39F0790FD79C}.Debug|x86.ActiveCfg = Debug|Win32
		{0C4B88EE-E090-43E1-B2A7-39F0790FD79C}.Debug|x86.Build.0 = Debug|Win32
		{0C4B88EE-E090-43E1-B2A7-39F0790FD79C}.Release|x64.ActiveCfg = Release|x64
		{0C4B88EE-E090-43E1-B2A7-39F0790FD79C}.Release|x64.Build.0 = Release|x64
		{0C4B88EE-E090-43E1-B2A7-39F0790FD79C}.Release|x86.ActiveCfg = Release|Win32
		{0C4B88EE-E090-43E1-B2A7-39F0790FD79C}.Release|x86.Build.0 = Release|Win32
		{2070BDF1-1D4F-46F7-A5E6-929B5DF69DFA}.Debug|x64.ActiveCfg = Debug|x64
		{2070BDF1-1D4F-46F7-A5E6-929B5DF69DFA}.Debug|x64.Build.0 = Debug|x64
		{2070BDF1-1D4F-46F7-A5E6-929B5DF69DFA}.Debug|x86.ActiveCfg = Debug|Win32
		{2070BDF1-1D4F-46F7-A5E6-929B5DF69DFA}.Debug|x86.Build.0 = Debug|Win32
		{2070BDF1-1D4F-46F7-A5E6-929B5DF69DFA}.Release|x64.ActiveCfg = Release|x64
		{2070BDF1-1D4F-46F7-A5E6-929B5DF69DFA}.Release|x64.Build.0 = Release|x64
		{2070BDF1-1D4F-46F7-A5E6-929B5DF69DFA}.Release|x86.ActiveCfg = Release|Win32
		{2070BDF1-1D4F-46F7-A5E6-929B5DF69DFA}.Release|x86.Build.0 = Release|Win32
		{992E9B40-D514-43C9-A84C-AE5751A0DA32}.Debug|x64.ActiveCfg = Debug|x64
		{992E9B40-D514-43C9-A84C-AE5751A0DA32}.Debug|x64.Build.0 = Debug|x64
		{992E9B40-D514-43C9-A84C-AE5751A0DA32}.Debug|x86.ActiveCfg = Debug|Win32
		{992E9B40-D514-43C9-A84C-AE5751A0DA32}.Debug|x86.Build.0 = Debug|Win32
		{992E9B40-D514-43C9-A84C-AE5751A0DA32}.Release|x64.ActiveCfg = Release|x64
		{992E9B40-D514-43C9-A84C-AE5751A0DA32}.Release|x64.Build.0 = Release|x64
		{992E9B40-D514-43C9-A84C-AE5751A0DA32}.Release|x86.ActiveCfg = Release|Win32
		{992E9B40-D514-43C9-A84C-AE5751A0DA32}.Release|x86.Build.0 = Release|Win32
		{876C2F6F-D550-418E-9767-628C684F50F4}.Debug|x64.ActiveCfg = Debug|x64
		{876C2F6F-D550-418E-9767-628C684F50F4}.Debug|x64.Build.0 = Debug|x64
		{876C2F6F-D550-418E-9767-628C684F50F4}.Debug|x86.ActiveCfg = Debug|Win32
		{876C2F6F-D550-418E-9767-628C684F50F4}.Debug|x86.Build.0 = Debug|Win32
		{876C2F6F-D550-418E-9767-628C684F50F4}.Release|x64.ActiveCfg = Release|x64
		{876C2F6F-D550-418E-9767-628C684F50F4}.Release|x64.Build.0 = Release|x64
		{876C2F6F-D550-418E-9767-628C684F50F4}.Release|x86.ActiveCfg = Release|Win32
		{876C2F6F-D550-418E-9767-628C684F50F4}.Release|x86.Build.0 = Release|Win32
		{59AF8EC7-E6E0-4C4C-B043-E9B1CA8F7712}.Debug|x64.ActiveCfg = Debug|x64
		{59AF8EC7-E6E0-4C4C-B043-E9B1CA8F7712}.Debug|x64.Build.0 = Debug|x64
		{59AF8EC7-E6E0-4C4C-B043-E9B1CA8F7712}.Debug|x86.ActiveCfg = Debug|Win32
		{59AF8EC7-E6E0-4C4C-B043-E9B1CA8F7712}.Debug|x86.Build.0 = Debug|Win32
		{59AF8EC7-E6E0-4C4C-B043-E9B1CA8F7712}.Release|x64.ActiveCfg = Release|x64
		{59AF8EC7-E6E0-4C4C-B043-E9B1CA8F7712}.Release|x64.Build.0 = Release|x64
		{59AF8EC7-E6E0-4C4C-B043-E9B1CA8F7712}.Release|x86.ActiveCfg = Release|Win32
		{59AF8EC7-E6E0-4C4C-B043-E9B1CA8F7712}.Release|x86.Build.0 = Release|Win32
		{D353CDC3-A818-4209-A8E6-AE374909FC0F}.Debug|x64.ActiveCfg = Debug|x64
		{D353CDC3-A818-4209-A8E6-AE374909FC0F}.Debug|x64.Build.0 = Debug|x64
		{D353CDC3-A818-4209-A8E6-AE374909FC0F}.Debug|x86.ActiveCfg = Debug|Win32
		{D353CDC3-A818-4209-A8E6-AE374909FC0F}.Debug|x86.Build.0 = Debug|Win32
		{D353CDC3-A818-4209-A8E6-AE374909FC0F}.Release|x64.ActiveCfg = Release|x64
		{D353CDC3-A818-4209-A8E6-AE374909FC0F}.Release|x64.Build.0 = Release|x64
		{D353CDC3-A818-4209-A8E6-AE374909FC0F}.Release|x86.ActiveCfg = Release|Win32
		{D353CDC3-A818-4209-A8E6-AE374909FC0F}.Release|x86.Build.0 = Release|Win32
		{8C9D995D-5D81-433D-8B96-98F1501D4D2E}.Debug|x64.ActiveCfg = Debug|x64
		{8C9D995D-5D81-433D-8B96-98F1501D4D2E}.Debug|x64.Build.0 = Debug|x64
		{8C9D995D-5D81-433D-8B96-98F1501D4D2E}.Debug|x86.ActiveCfg = Debug|Win32
		{8C9D995D-5D81-433D-8B96-98F1501D4D2E}.Debug|x86.Build.0 = Debug|Win32
		{8C9D995D-5D81-433D-8B96-98F1501D4D2E}.Release|x64.ActiveCfg = Release|x64
		{8C9D995D-5D81-433D-8B96-98F1501D4D2E}.Release|x64.Build.0 = Release|x64
		{8C9D995D-5D81-433D-8B96-98F1501D4D2E}.Release|x86.ActiveCfg = Release|Win32
		{8C9D995D-5D81-433D-8B96-98F1501D4D2E}.Release|x86.Build.0 = Release|Win32
	EndGlobalSection
	GlobalSection(SolutionProperties) = preSolution
		HideSolutionNode = FALSE
	EndGlobalSection
	GlobalSection(ExtensibilityGlobals) = postSolution
		SolutionGuid = {13344747-2877-4196-878D-C2B1049454ED}
	EndGlobalSection
EndGlobal
